{
  "requires": true,
  "lockfileVersion": 1,
  "dependencies": {
    "@types/google-maps": {
      "version": "3.2.1",
      "resolved": "https://registry.npmjs.org/@types/google-maps/-/google-maps-3.2.1.tgz",
      "integrity": "sha512-0JeYMqVUeolC2hC1v8s49vjg5zt/tQXDzzcZfWxzx8Kcu1xDSpULFkhI33CIUZ/r8PmGvrud9EEZqFhJlOE4/A==",
      "requires": {
        "@types/googlemaps": "*"
      }
    },
    "@types/googlemaps": {
      "version": "3.37.7",
      "resolved": "https://registry.npmjs.org/@types/googlemaps/-/googlemaps-3.37.7.tgz",
      "integrity": "sha512-a+mvO0PHHBmvojRAKEo81MYnG8JlZScDoguVHqMi/myfrJIF1KmcSNVyMi6Y5BG/skgLpFJM37nl+hwHNGb3ig=="
    }
  }
}
